
Microsoft Visual Studio Solution File, Format Version 12.00
# Visual Studio Version 17
VisualStudioVersion = 17.5.33530.505
MinimumVisualStudioVersion = 10.0.40219.1
Project("{9A19103F-16F7-4668-BE54-9A1E7A4F7556}") = "LexiLearn", "src\LexiLearn\LexiLearn.csproj", "{E19BEA44-037A-47FC-9BCC-D12DC2BF84DD}"
EndProject
Project("{9A19103F-16F7-4668-BE54-9A1E7A4F7556}") = "LexiLearn.DAL", "src\LexiLearn.DAL\LexiLearn.DAL.csproj", "{8FE65214-7E73-4D6E-919B-9DEAF34CAA82}"
EndProject
Project("{9A19103F-16F7-4668-BE54-9A1E7A4F7556}") = "LexiLearn.Domain", "src\LexiLearn.Domain\LexiLearn.Domain.csproj", "{D0A34C49-F6DF-470A-9DD4-E3664CF08A3D}"
EndProject
Project("{9A19103F-16F7-4668-BE54-9A1E7A4F7556}") = "LexiLearn.Service", "src\LexiLearn.Service\LexiLearn.Service.csproj", "{B8D0D998-4748-41ED-B679-11AF8BBBC391}"
EndProject
Project("{2150E333-8FDC-42A3-9474-1A3956D46DE8}") = "src", "src", "{DC83F7DB-BED4-491A-B3F0-2D624612BF8D}"
EndProject
Project("{FAE04EC0-301F-11D3-BF4B-00C04F79EFBC}") = "LexiLearn.WebApi", "LexiLearn.WebApi\LexiLearn.WebApi.csproj", "{BBF778D0-8DE6-4572-94F2-19463100DF76}"
EndProject
Global
	GlobalSection(SolutionConfigurationPlatforms) = preSolution
		Debug|Any CPU = Debug|Any CPU
		Release|Any CPU = Release|Any CPU
	EndGlobalSection
	GlobalSection(ProjectConfigurationPlatforms) = postSolution
		{E19BEA44-037A-47FC-9BCC-D12DC2BF84DD}.Debug|Any CPU.ActiveCfg = Debug|Any CPU
		{E19BEA44-037A-47FC-9BCC-D12DC2BF84DD}.Debug|Any CPU.Build.0 = Debug|Any CPU
		{E19BEA44-037A-47FC-9BCC-D12DC2BF84DD}.Release|Any CPU.ActiveCfg = Release|Any CPU
		{E19BEA44-037A-47FC-9BCC-D12DC2BF84DD}.Release|Any CPU.Build.0 = Release|Any CPU
		{8FE65214-7E73-4D6E-919B-9DEAF34CAA82}.Debug|Any CPU.ActiveCfg = Debug|Any CPU
		{8FE65214-7E73-4D6E-919B-9DEAF34CAA82}.Debug|Any CPU.Build.0 = Debug|Any CPU
		{8FE65214-7E73-4D6E-919B-9DEAF34CAA82}.Release|Any CPU.ActiveCfg = Release|Any CPU
		{8FE65214-7E73-4D6E-919B-9DEAF34CAA82}.Release|Any CPU.Build.0 = Release|Any CPU
		{D0A34C49-F6DF-470A-9DD4-E3664CF08A3D}.Debug|Any CPU.ActiveCfg = Debug|Any CPU
		{D0A34C49-F6DF-470A-9DD4-E3664CF08A3D}.Debug|Any CPU.Build.0 = Debug|Any CPU
		{D0A34C49-F6DF-470A-9DD4-E3664CF08A3D}.Release|Any CPU.ActiveCfg = Release|Any CPU
		{D0A34C49-F6DF-470A-9DD4-E3664CF08A3D}.Release|Any CPU.Build.0 = Release|Any CPU
		{B8D0D998-4748-41ED-B679-11AF8BBBC391}.Debug|Any CPU.ActiveCfg = Debug|Any CPU
		{B8D0D998-4748-41ED-B679-11AF8BBBC391}.Debug|Any CPU.Build.0 = Debug|Any CPU
		{B8D0D998-4748-41ED-B679-11AF8BBBC391}.Release|Any CPU.ActiveCfg = Release|Any CPU
		{B8D0D998-4748-41ED-B679-11AF8BBBC391}.Release|Any CPU.Build.0 = Release|Any CPU
		{BBF778D0-8DE6-4572-94F2-19463100DF76}.Debug|Any CPU.ActiveCfg = Debug|Any CPU
		{BBF778D0-8DE6-4572-94F2-19463100DF76}.Debug|Any CPU.Build.0 = Debug|Any CPU
		{BBF778D0-8DE6-4572-94F2-19463100DF76}.Release|Any CPU.ActiveCfg = Release|Any CPU
		{BBF778D0-8DE6-4572-94F2-19463100DF76}.Release|Any CPU.Build.0 = Release|Any CPU
	EndGlobalSection
	GlobalSection(SolutionProperties) = preSolution
		HideSolutionNode = FALSE
	EndGlobalSection
	GlobalSection(NestedProjects) = preSolution
		{E19BEA44-037A-47FC-9BCC-D12DC2BF84DD} = {DC83F7DB-BED4-491A-B3F0-2D624612BF8D}
		{8FE65214-7E73-4D6E-919B-9DEAF34CAA82} = {DC83F7DB-BED4-491A-B3F0-2D624612BF8D}
		{D0A34C49-F6DF-470A-9DD4-E3664CF08A3D} = {DC83F7DB-BED4-491A-B3F0-2D624612BF8D}
		{B8D0D998-4748-41ED-B679-11AF8BBBC391} = {DC83F7DB-BED4-491A-B3F0-2D624612BF8D}
		{BBF778D0-8DE6-4572-94F2-19463100DF76} = {DC83F7DB-BED4-491A-B3F0-2D624612BF8D}
	EndGlobalSection
	GlobalSection(ExtensibilityGlobals) = postSolution
		SolutionGuid = {D6E4E696-54C6-48C2-846C-1CF1E8ACB7AB}
	EndGlobalSection
EndGlobal
